{
  "nodes": {
    "airfoileditor": {
      "flake": false,
      "locked": {
        "lastModified": 1742198112,
        "narHash": "sha256-qlCAByaqSPDRXMlOQoimaG7RZzHvXSBsG5PG2L3BTvQ=",
        "owner": "jxjo",
        "repo": "AirfoilEditor",
        "rev": "20ed22d31c1eb897d1236e6b32e444811e07ac65",
        "type": "github"
      },
      "original": {
        "owner": "jxjo",
        "repo": "AirfoilEditor",
        "type": "github"
      }
    },
    "flake-parts": {
      "inputs": {
        "nixpkgs-lib": "nixpkgs-lib"
      },
      "locked": {
        "lastModified": 1741352980,
        "narHash": "sha256-+u2UunDA4Cl5Fci3m7S643HzKmIDAe+fiXrLqYsR2fs=",
        "owner": "hercules-ci",
        "repo": "flake-parts",
        "rev": "f4330d22f1c5d2ba72d3d22df5597d123fdb60a9",
        "type": "github"
      },
      "original": {
        "owner": "hercules-ci",
        "repo": "flake-parts",
        "type": "github"
      }
    },
    "nixpkgs": {
      "locked": {
        "lastModified": 1742272065,
        "narHash": "sha256-ud8vcSzJsZ/CK+r8/v0lyf4yUntVmDq6Z0A41ODfWbE=",
        "owner": "nixos",
        "repo": "nixpkgs",
        "rev": "3549532663732bfd89993204d40543e9edaec4f2",
        "type": "github"
      },
      "original": {
        "owner": "nixos",
        "ref": "nixpkgs-unstable",
        "repo": "nixpkgs",
        "type": "github"
      }
    },
    "nixpkgs-lib": {
      "locked": {
        "lastModified": 1740877520,
        "narHash": "sha256-oiwv/ZK/2FhGxrCkQkB83i7GnWXPPLzoqFHpDD3uYpk=",
        "owner": "nix-community",
        "repo": "nixpkgs.lib",
        "rev": "147dee35aab2193b174e4c0868bd80ead5ce755c",
        "type": "github"
      },
      "original": {
        "owner": "nix-community",
        "repo": "nixpkgs.lib",
        "type": "github"
      }
    },
    "openvsp": {
      "flake": false,
      "locked": {
        "lastModified": 1738879935,
        "narHash": "sha256-2devcg4nMDY35ylNO1C2WB7Nsd9aBBZOVksqyvg85y8=",
        "owner": "OpenVSP",
        "repo": "OpenVSP",
        "rev": "df8e0e14d0031eeca8b619d89515a5f07555f4b6",
        "type": "github"
      },
      "original": {
        "owner": "OpenVSP",
        "repo": "OpenVSP",
        "type": "github"
      }
    },
    "planformcreator2": {
      "flake": false,
      "locked": {
        "lastModified": 1742374862,
        "narHash": "sha256-tcCl7zso9D4tRcsXSlZa0Jl0U4ezy4Z+G8lmRNNODRQ=",
        "owner": "jxjo",
        "repo": "PlanformCreator2",
        "rev": "1beb693d97d2277a2e4dfdefeca326fff5eefd5c",
        "type": "github"
      },
      "original": {
        "owner": "jxjo",
        "repo": "PlanformCreator2",
        "type": "github"
      }
    },
    "pyaero": {
      "flake": false,
      "locked": {
        "lastModified": 1733954466,
        "narHash": "sha256-tbb6MbIDTsxoIApx9Mm52kChbcZtPp3iroNhvKAkmJ4=",
        "owner": "chiefenne",
        "repo": "PyAero",
        "rev": "aea9ce06a57d5d687feabbd7b9717fa0376fc38c",
        "type": "github"
      },
      "original": {
        "owner": "chiefenne",
        "repo": "PyAero",
        "type": "github"
      }
    },
    "root": {
      "inputs": {
        "airfoileditor": "airfoileditor",
        "flake-parts": "flake-parts",
        "nixpkgs": "nixpkgs",
        "openvsp": "openvsp",
        "planformcreator2": "planformcreator2",
        "pyaero": "pyaero",
        "xoptofoil2": "xoptofoil2"
      }
    },
    "xoptofoil2": {
      "flake": false,
      "locked": {
        "lastModified": 1738331114,
        "narHash": "sha256-q29RSd64UAdcpj0y/CSR6WwUyCwhsHyo3Byprg/KHGA=",
        "owner": "jxjo",
        "repo": "Xoptfoil2",
        "rev": "12ed532a7e873c50d77a0440915e82958450ed88",
        "type": "github"
      },
      "original": {
        "owner": "jxjo",
        "repo": "Xoptfoil2",
        "type": "github"
      }
    }
  },
  "root": "root",
  "version": 7
}
