{
  "nodes": {
    "airfoileditor": {
      "flake": false,
      "locked": {
        "lastModified": 1728981356,
        "narHash": "sha256-XTuPk57mLTWlkKwNTZhbYiM0b51AofRrBWB2iX0J7kU=",
        "owner": "jxjo",
        "repo": "AirfoilEditor",
        "rev": "f34e3ad70b1970a4d379ea082cbbbea6aa215a59",
        "type": "github"
      },
      "original": {
        "owner": "jxjo",
        "repo": "AirfoilEditor",
        "type": "github"
      }
    },
    "flake-parts": {
      "inputs": {
        "nixpkgs-lib": "nixpkgs-lib"
      },
      "locked": {
        "lastModified": 1730504689,
        "narHash": "sha256-hgmguH29K2fvs9szpq2r3pz2/8cJd2LPS+b4tfNFCwE=",
        "owner": "hercules-ci",
        "repo": "flake-parts",
        "rev": "506278e768c2a08bec68eb62932193e341f55c90",
        "type": "github"
      },
      "original": {
        "owner": "hercules-ci",
        "repo": "flake-parts",
        "type": "github"
      }
    },
    "nixpkgs": {
      "locked": {
        "lastModified": 1731245184,
        "narHash": "sha256-vmLS8+x+gHRv1yzj3n+GTAEObwmhxmkkukB2DwtJRdU=",
        "owner": "nixos",
        "repo": "nixpkgs",
        "rev": "aebe249544837ce42588aa4b2e7972222ba12e8f",
        "type": "github"
      },
      "original": {
        "owner": "nixos",
        "ref": "nixpkgs-unstable",
        "repo": "nixpkgs",
        "type": "github"
      }
    },
    "nixpkgs-lib": {
      "locked": {
        "lastModified": 1730504152,
        "narHash": "sha256-lXvH/vOfb4aGYyvFmZK/HlsNsr/0CVWlwYvo2rxJk3s=",
        "type": "tarball",
        "url": "https://github.com/NixOS/nixpkgs/archive/cc2f28000298e1269cea6612cd06ec9979dd5d7f.tar.gz"
      },
      "original": {
        "type": "tarball",
        "url": "https://github.com/NixOS/nixpkgs/archive/cc2f28000298e1269cea6612cd06ec9979dd5d7f.tar.gz"
      }
    },
    "openvsp": {
      "flake": false,
      "locked": {
        "lastModified": 1731293722,
        "narHash": "sha256-LR6oz7u6bx97m+vR5jLylajsse9rHEoZgsYnQNJbNnA=",
        "owner": "OpenVSP",
        "repo": "OpenVSP",
        "rev": "fc4a97b75c92399fecf74b21f2a57087f89e12b7",
        "type": "github"
      },
      "original": {
        "owner": "OpenVSP",
        "repo": "OpenVSP",
        "type": "github"
      }
    },
    "planformcreator2": {
      "flake": false,
      "locked": {
        "lastModified": 1718295136,
        "narHash": "sha256-2EF4j/XsDwi//Sh/lAZ2lVHNC+WyayCR5DZs1l1n7tA=",
        "owner": "jxjo",
        "repo": "PlanformCreator2",
        "rev": "37024b6eaa2e471f0f1bb27d776b7f3160ad1425",
        "type": "github"
      },
      "original": {
        "owner": "jxjo",
        "repo": "PlanformCreator2",
        "type": "github"
      }
    },
    "pyaero": {
      "flake": false,
      "locked": {
        "lastModified": 1705825746,
        "narHash": "sha256-SIFXDLAQ8AzgdTcvCJQzrNGq/H4mdPXVZGMaGq6W7UI=",
        "owner": "chiefenne",
        "repo": "PyAero",
        "rev": "2aa42dd7f6588e585a6c712052fddce2a1586287",
        "type": "github"
      },
      "original": {
        "owner": "chiefenne",
        "repo": "PyAero",
        "type": "github"
      }
    },
    "root": {
      "inputs": {
        "airfoileditor": "airfoileditor",
        "flake-parts": "flake-parts",
        "nixpkgs": "nixpkgs",
        "openvsp": "openvsp",
        "planformcreator2": "planformcreator2",
        "pyaero": "pyaero",
        "xoptofoil2": "xoptofoil2"
      }
    },
    "xoptofoil2": {
      "flake": false,
      "locked": {
        "lastModified": 1726804159,
        "narHash": "sha256-xjVeIsJG+bYsNaDVFiaIQ/oXSZntS1QIogbGvCZoXM0=",
        "owner": "jxjo",
        "repo": "Xoptfoil2",
        "rev": "ce144e4699188fd5b7c180cd9b682880c978a059",
        "type": "github"
      },
      "original": {
        "owner": "jxjo",
        "repo": "Xoptfoil2",
        "type": "github"
      }
    }
  },
  "root": "root",
  "version": 7
}
